
Microsoft Visual Studio Solution File, Format Version 12.00
Project("{FAE04EC0-301F-11D3-BF4B-00C04F79EFBC}") = "Day08", "Day08.csproj", "{7A4BCC23-C70A-48A1-BB33-07CBB521BBDD}"
EndProject
Global
	GlobalSection(SolutionConfigurationPlatforms) = preSolution
		Debug|Any CPU = Debug|Any CPU
		Release|Any CPU = Release|Any CPU
	EndGlobalSection
	GlobalSection(ProjectConfigurationPlatforms) = postSolution
		{7A4BCC23-C70A-48A1-BB33-07CBB521BBDD}.Debug|Any CPU.ActiveCfg = Debug|Any CPU
		{7A4BCC23-C70A-48A1-BB33-07CBB521BBDD}.Debug|Any CPU.Build.0 = Debug|Any CPU
		{7A4BCC23-C70A-48A1-BB33-07CBB521BBDD}.Release|Any CPU.ActiveCfg = Release|Any CPU
		{7A4BCC23-C70A-48A1-BB33-07CBB521BBDD}.Release|Any CPU.Build.0 = Release|Any CPU
	EndGlobalSection
EndGlobal
