
Microsoft Visual Studio Solution File, Format Version 12.00
Project("{FAE04EC0-301F-11D3-BF4B-00C04F79EFBC}") = "Day04", "Day04.csproj", "{F729D18C-167D-4116-AD19-1B9DEA8460C6}"
EndProject
Global
	GlobalSection(SolutionConfigurationPlatforms) = preSolution
		Debug|Any CPU = Debug|Any CPU
		Release|Any CPU = Release|Any CPU
	EndGlobalSection
	GlobalSection(ProjectConfigurationPlatforms) = postSolution
		{F729D18C-167D-4116-AD19-1B9DEA8460C6}.Debug|Any CPU.ActiveCfg = Debug|Any CPU
		{F729D18C-167D-4116-AD19-1B9DEA8460C6}.Debug|Any CPU.Build.0 = Debug|Any CPU
		{F729D18C-167D-4116-AD19-1B9DEA8460C6}.Release|Any CPU.ActiveCfg = Release|Any CPU
		{F729D18C-167D-4116-AD19-1B9DEA8460C6}.Release|Any CPU.Build.0 = Release|Any CPU
	EndGlobalSection
EndGlobal
